lockfileVersion: 5.3

specifiers:
  '@rush-temp/rush-test-monorepo': file:./projects/rush-test-monorepo.tgz

dependencies:
  '@rush-temp/rush-test-monorepo': file:projects/rush-test-monorepo.tgz

packages:

  file:projects/rush-test-monorepo.tgz:
    resolution: {integrity: sha512-AzhxCMFg2ucQ7GYseM0DYW7KLyNDxBfiW2tzmTX25ZWG3rBSyUlsLIMVBQKdkwpwmAXMsg5gdNJ15+0EG8+tRQ==, tarball: file:projects/rush-test-monorepo.tgz}
    name: '@rush-temp/rush-test-monorepo'
    version: 0.0.0
    dev: false
